
Microsoft Visual Studio Solution File, Format Version 12.00
# Visual Studio Version 17
VisualStudioVersion = 17.13.35931.197 d17.13
MinimumVisualStudioVersion = 10.0.40219.1
Project("{FAE04EC0-301F-11D3-BF4B-00C04F79EFBC}") = "NakuruTool", "NakuruTool.csproj", "{B3DD9132-B404-4AD3-817D-F849533B1262}"
EndProject
Global
	GlobalSection(SolutionConfigurationPlatforms) = preSolution
		Debug|Any CPU = Debug|Any CPU
		Release|Any CPU = Release|Any CPU
	EndGlobalSection
	GlobalSection(ProjectConfigurationPlatforms) = postSolution
		{B3DD9132-B404-4AD3-817D-F849533B1262}.Debug|Any CPU.ActiveCfg = Debug|Any CPU
		{B3DD9132-B404-4AD3-817D-F849533B1262}.Debug|Any CPU.Build.0 = Debug|Any CPU
		{B3DD9132-B404-4AD3-817D-F849533B1262}.Release|Any CPU.ActiveCfg = Release|Any CPU
		{B3DD9132-B404-4AD3-817D-F849533B1262}.Release|Any CPU.Build.0 = Release|Any CPU
	EndGlobalSection
	GlobalSection(SolutionProperties) = preSolution
		HideSolutionNode = FALSE
	EndGlobalSection
	GlobalSection(ExtensibilityGlobals) = postSolution
		SolutionGuid = {669B762D-D6E7-4C62-93BD-466DB9D73BA6}
	EndGlobalSection
EndGlobal
